// !$*UTF8*$!
{
	archiveVersion = 1;
	classes = {
	};
	objectVersion = 50;
	objects = {

/* Begin PBXBuildFile section */
		F65D5E1A2516F50E001FBDB7 /* AppDelegate.swift in Sources */ = {isa = PBXBuildFile; fileRef = F65D5E192516F50E001FBDB7 /* AppDelegate.swift */; };
		F65D5E1C2516F50E001FBDB7 /* SceneDelegate.swift in Sources */ = {isa = PBXBuildFile; fileRef = F65D5E1B2516F50E001FBDB7 /* SceneDelegate.swift */; };
		F65D5E1E2516F50E001FBDB7 /* ViewController.swift in Sources */ = {isa = PBXBuildFile; fileRef = F65D5E1D2516F50E001FBDB7 /* ViewController.swift */; };
		F65D5E212516F50E001FBDB7 /* Main.storyboard in Resources */ = {isa = PBXBuildFile; fileRef = F65D5E1F2516F50E001FBDB7 /* Main.storyboard */; };
		F65D5E232516F510001FBDB7 /* Assets.xcassets in Resources */ = {isa = PBXBuildFile; fileRef = F65D5E222516F510001FBDB7 /* Assets.xcassets */; };
		F65D5E262516F510001FBDB7 /* LaunchScreen.storyboard in Resources */ = {isa = PBXBuildFile; fileRef = F65D5E242516F510001FBDB7 /* LaunchScreen.storyboard */; };
		F65D5E312516F511001FBDB7 /* MemoPadTests.swift in Sources */ = {isa = PBXBuildFile; fileRef = F65D5E302516F511001FBDB7 /* MemoPadTests.swift */; };
		F65D5E3C2516F511001FBDB7 /* MemoPadUITests.swift in Sources */ = {isa = PBXBuildFile; fileRef = F65D5E3B2516F511001FBDB7 /* MemoPadUITests.swift */; };
/* End PBXBuildFile section */

/* Begin PBXContainerItemProxy section */
		F65D5E2D2516F511001FBDB7 /* PBXContainerItemProxy */ = {
			isa = PBXContainerItemProxy;
			containerPortal = F65D5E0E2516F50E001FBDB7 /* Project object */;
			proxyType = 1;
			remoteGlobalIDString = F65D5E152516F50E001FBDB7;
			remoteInfo = MemoPad;
		};
		F65D5E382516F511001FBDB7 /* PBXContainerItemProxy */ = {
			isa = PBXContainerItemProxy;
			containerPortal = F65D5E0E2516F50E001FBDB7 /* Project object */;
			proxyType = 1;
			remoteGlobalIDString = F65D5E152516F50E001FBDB7;
			remoteInfo = MemoPad;
		};
/* End PBXContainerItemProxy section */

/* Begin PBXFileReference section */
		F65D5E162516F50E001FBDB7 /* MemoPad.app */ = {isa = PBXFileReference; explicitFileType = wrapper.application; includeInIndex = 0; path = MemoPad.app; sourceTree = BUILT_PRODUCTS_DIR; };
		F65D5E192516F50E001FBDB7 /* AppDelegate.swift */ = {isa = PBXFileReference; lastKnownFileType = sourcecode.swift; path = AppDelegate.swift; sourceTree = "<group>"; };
		F65D5E1B2516F50E001FBDB7 /* SceneDelegate.swift */ = {isa = PBXFileReference; lastKnownFileType = sourcecode.swift; path = SceneDelegate.swift; sourceTree = "<group>"; };
		F65D5E1D2516F50E001FBDB7 /* ViewController.swift */ = {isa = PBXFileReference; lastKnownFileType = sourcecode.swift; path = ViewController.swift; sourceTree = "<group>"; };
		F65D5E202516F50E001FBDB7 /* Base */ = {isa = PBXFileReference; lastKnownFileType = file.storyboard; name = Base; path = Base.lproj/Main.storyboard; sourceTree = "<group>"; };
		F65D5E222516F510001FBDB7 /* Assets.xcassets */ = {isa = PBXFileReference; lastKnownFileType = folder.assetcatalog; path = Assets.xcassets; sourceTree = "<group>"; };
		F65D5E252516F510001FBDB7 /* Base */ = {isa = PBXFileReference; lastKnownFileType = file.storyboard; name = Base; path = Base.lproj/LaunchScreen.storyboard; sourceTree = "<group>"; };
		F65D5E272516F510001FBDB7 /* Info.plist */ = {isa = PBXFileReference; lastKnownFileType = text.plist.xml; path = Info.plist; sourceTree = "<group>"; };
		F65D5E2C2516F511001FBDB7 /* MemoPadTests.xctest */ = {isa = PBXFileReference; explicitFileType = wrapper.cfbundle; includeInIndex = 0; path = MemoPadTests.xctest; sourceTree = BUILT_PRODUCTS_DIR; };
		F65D5E302516F511001FBDB7 /* MemoPadTests.swift */ = {isa = PBXFileReference; lastKnownFileType = sourcecode.swift; path = MemoPadTests.swift; sourceTree = "<group>"; };
		F65D5E322516F511001FBDB7 /* Info.plist */ = {isa = PBXFileReference; lastKnownFileType = text.plist.xml; path = Info.plist; sourceTree = "<group>"; };
		F65D5E372516F511001FBDB7 /* MemoPadUITests.xctest */ = {isa = PBXFileReference; explicitFileType = wrapper.cfbundle; includeInIndex = 0; path = MemoPadUITests.xctest; sourceTree = BUILT_PRODUCTS_DIR; };
		F65D5E3B2516F511001FBDB7 /* MemoPadUITests.swift */ = {isa = PBXFileReference; lastKnownFileType = sourcecode.swift; path = MemoPadUITests.swift; sourceTree = "<group>"; };
		F65D5E3D2516F511001FBDB7 /* Info.plist */ = {isa = PBXFileReference; lastKnownFileType = text.plist.xml; path = Info.plist; sourceTree = "<group>"; };
/* End PBXFileReference section */

/* Begin PBXFrameworksBuildPhase section */
		F65D5E132516F50E001FBDB7 /* Frameworks */ = {
			isa = PBXFrameworksBuildPhase;
			buildActionMask = 2147483647;
			files = (
			);
			runOnlyForDeploymentPostprocessing = 0;
		};
		F65D5E292516F511001FBDB7 /* Frameworks */ = {
			isa = PBXFrameworksBuildPhase;
			buildActionMask = 2147483647;
			files = (
			);
			runOnlyForDeploymentPostprocessing = 0;
		};
		F65D5E342516F511001FBDB7 /* Frameworks */ = {
			isa = PBXFrameworksBuildPhase;
			buildActionMask = 2147483647;
			files = (
			);
			runOnlyForDeploymentPostprocessing = 0;
		};
/* End PBXFrameworksBuildPhase section */

/* Begin PBXGroup section */
		F65D5E0D2516F50E001FBDB7 = {
			isa = PBXGroup;
			children = (
				F65D5E182516F50E001FBDB7 /* MemoPad */,
				F65D5E2F2516F511001FBDB7 /* MemoPadTests */,
				F65D5E3A2516F511001FBDB7 /* MemoPadUITests */,
				F65D5E172516F50E001FBDB7 /* Products */,
			);
			sourceTree = "<group>";
		};
		F65D5E172516F50E001FBDB7 /* Products */ = {
			isa = PBXGroup;
			children = (
				F65D5E162516F50E001FBDB7 /* MemoPad.app */,
				F65D5E2C2516F511001FBDB7 /* MemoPadTests.xctest */,
				F65D5E372516F511001FBDB7 /* MemoPadUITests.xctest */,
			);
			name = Products;
			sourceTree = "<group>";
		};
		F65D5E182516F50E001FBDB7 /* MemoPad */ = {
			isa = PBXGroup;
			children = (
				F65D5E192516F50E001FBDB7 /* AppDelegate.swift */,
				F65D5E1B2516F50E001FBDB7 /* SceneDelegate.swift */,
				F65D5E1D2516F50E001FBDB7 /* ViewController.swift */,
				F65D5E1F2516F50E001FBDB7 /* Main.storyboard */,
				F65D5E222516F510001FBDB7 /* Assets.xcassets */,
				F65D5E242516F510001FBDB7 /* LaunchScreen.storyboard */,
				F65D5E272516F510001FBDB7 /* Info.plist */,
			);
			path = MemoPad;
			sourceTree = "<group>";
		};
		F65D5E2F2516F511001FBDB7 /* MemoPadTests */ = {
			isa = PBXGroup;
			children = (
				F65D5E302516F511001FBDB7 /* MemoPadTests.swift */,
				F65D5E322516F511001FBDB7 /* Info.plist */,
			);
			path = MemoPadTests;
			sourceTree = "<group>";
		};
		F65D5E3A2516F511001FBDB7 /* MemoPadUITests */ = {
			isa = PBXGroup;
			children = (
				F65D5E3B2516F511001FBDB7 /* MemoPadUITests.swift */,
				F65D5E3D2516F511001FBDB7 /* Info.plist */,
			);
			path = MemoPadUITests;
			sourceTree = "<group>";
		};
/* End PBXGroup section */

/* Begin PBXNativeTarget section */
		F65D5E152516F50E001FBDB7 /* MemoPad */ = {
			isa = PBXNativeTarget;
			buildConfigurationList = F65D5E402516F511001FBDB7 /* Build configuration list for PBXNativeTarget "MemoPad" */;
			buildPhases = (
				F65D5E122516F50E001FBDB7 /* Sources */,
				F65D5E132516F50E001FBDB7 /* Frameworks */,
				F65D5E142516F50E001FBDB7 /* Resources */,
			);
			buildRules = (
			);
			dependencies = (
			);
			name = MemoPad;
			productName = MemoPad;
			productReference = F65D5E162516F50E001FBDB7 /* MemoPad.app */;
			productType = "com.apple.product-type.application";
		};
		F65D5E2B2516F511001FBDB7 /* MemoPadTests */ = {
			isa = PBXNativeTarget;
			buildConfigurationList = F65D5E432516F511001FBDB7 /* Build configuration list for PBXNativeTarget "MemoPadTests" */;
			buildPhases = (
				F65D5E282516F511001FBDB7 /* Sources */,
				F65D5E292516F511001FBDB7 /* Frameworks */,
				F65D5E2A2516F511001FBDB7 /* Resources */,
			);
			buildRules = (
			);
			dependencies = (
				F65D5E2E2516F511001FBDB7 /* PBXTargetDependency */,
			);
			name = MemoPadTests;
			productName = MemoPadTests;
			productReference = F65D5E2C2516F511001FBDB7 /* MemoPadTests.xctest */;
			productType = "com.apple.product-type.bundle.unit-test";
		};
		F65D5E362516F511001FBDB7 /* MemoPadUITests */ = {
			isa = PBXNativeTarget;
			buildConfigurationList = F65D5E462516F511001FBDB7 /* Build configuration list for PBXNativeTarget "MemoPadUITests" */;
			buildPhases = (
				F65D5E332516F511001FBDB7 /* Sources */,
				F65D5E342516F511001FBDB7 /* Frameworks */,
				F65D5E352516F511001FBDB7 /* Resources */,
			);
			buildRules = (
			);
			dependencies = (
				F65D5E392516F511001FBDB7 /* PBXTargetDependency */,
			);
			name = MemoPadUITests;
			productName = MemoPadUITests;
			productReference = F65D5E372516F511001FBDB7 /* MemoPadUITests.xctest */;
			productType = "com.apple.product-type.bundle.ui-testing";
		};
/* End PBXNativeTarget section */

/* Begin PBXProject section */
		F65D5E0E2516F50E001FBDB7 /* Project object */ = {
			isa = PBXProject;
			attributes = {
				LastSwiftUpdateCheck = 1160;
				LastUpgradeCheck = 1160;
				ORGANIZATIONNAME = com.litech;
				TargetAttributes = {
					F65D5E152516F50E001FBDB7 = {
						CreatedOnToolsVersion = 11.6;
					};
					F65D5E2B2516F511001FBDB7 = {
						CreatedOnToolsVersion = 11.6;
						TestTargetID = F65D5E152516F50E001FBDB7;
					};
					F65D5E362516F511001FBDB7 = {
						CreatedOnToolsVersion = 11.6;
						TestTargetID = F65D5E152516F50E001FBDB7;
					};
				};
			};
			buildConfigurationList = F65D5E112516F50E001FBDB7 /* Build configuration list for PBXProject "MemoPad" */;
			compatibilityVersion = "Xcode 9.3";
			developmentRegion = en;
			hasScannedForEncodings = 0;
			knownRegions = (
				en,
				Base,
			);
			mainGroup = F65D5E0D2516F50E001FBDB7;
			productRefGroup = F65D5E172516F50E001FBDB7 /* Products */;
			projectDirPath = "";
			projectRoot = "";
			targets = (
				F65D5E152516F50E001FBDB7 /* MemoPad */,
				F65D5E2B2516F511001FBDB7 /* MemoPadTests */,
				F65D5E362516F511001FBDB7 /* MemoPadUITests */,
			);
		};
/* End PBXProject section */

/* Begin PBXResourcesBuildPhase section */
		F65D5E142516F50E001FBDB7 /* Resources */ = {
			isa = PBXResourcesBuildPhase;
			buildActionMask = 2147483647;
			files = (
				F65D5E262516F510001FBDB7 /* LaunchScreen.storyboard in Resources */,
				F65D5E232516F510001FBDB7 /* Assets.xcassets in Resources */,
				F65D5E212516F50E001FBDB7 /* Main.storyboard in Resources */,
			);
			runOnlyForDeploymentPostprocessing = 0;
		};
		F65D5E2A2516F511001FBDB7 /* Resources */ = {
			isa = PBXResourcesBuildPhase;
			buildActionMask = 2147483647;
			files = (
			);
			runOnlyForDeploymentPostprocessing = 0;
		};
		F65D5E352516F511001FBDB7 /* Resources */ = {
			isa = PBXResourcesBuildPhase;
			buildActionMask = 2147483647;
			files = (
			);
			runOnlyForDeploymentPostprocessing = 0;
		};
/* End PBXResourcesBuildPhase section */

/* Begin PBXSourcesBuildPhase section */
		F65D5E122516F50E001FBDB7 /* Sources */ = {
			isa = PBXSourcesBuildPhase;
			buildActionMask = 2147483647;
			files = (
				F65D5E1E2516F50E001FBDB7 /* ViewController.swift in Sources */,
				F65D5E1A2516F50E001FBDB7 /* AppDelegate.swift in Sources */,
				F65D5E1C2516F50E001FBDB7 /* SceneDelegate.swift in Sources */,
			);
			runOnlyForDeploymentPostprocessing = 0;
		};
		F65D5E282516F511001FBDB7 /* Sources */ = {
			isa = PBXSourcesBuildPhase;
			buildActionMask = 2147483647;
			files = (
				F65D5E312516F511001FBDB7 /* MemoPadTests.swift in Sources */,
			);
			runOnlyForDeploymentPostprocessing = 0;
		};
		F65D5E332516F511001FBDB7 /* Sources */ = {
			isa = PBXSourcesBuildPhase;
			buildActionMask = 2147483647;
			files = (
				F65D5E3C2516F511001FBDB7 /* MemoPadUITests.swift in Sources */,
			);
			runOnlyForDeploymentPostprocessing = 0;
		};
/* End PBXSourcesBuildPhase section */

/* Begin PBXTargetDependency section */
		F65D5E2E2516F511001FBDB7 /* PBXTargetDependency */ = {
			isa = PBXTargetDependency;
			target = F65D5E152516F50E001FBDB7 /* MemoPad */;
			targetProxy = F65D5E2D2516F511001FBDB7 /* PBXContainerItemProxy */;
		};
		F65D5E392516F511001FBDB7 /* PBXTargetDependency */ = {
			isa = PBXTargetDependency;
			target = F65D5E152516F50E001FBDB7 /* MemoPad */;
			targetProxy = F65D5E382516F511001FBDB7 /* PBXContainerItemProxy */;
		};
/* End PBXTargetDependency section */

/* Begin PBXVariantGroup section */
		F65D5E1F2516F50E001FBDB7 /* Main.storyboard */ = {
			isa = PBXVariantGroup;
			children = (
				F65D5E202516F50E001FBDB7 /* Base */,
			);
			name = Main.storyboard;
			sourceTree = "<group>";
		};
		F65D5E242516F510001FBDB7 /* LaunchScreen.storyboard */ = {
			isa = PBXVariantGroup;
			children = (
				F65D5E252516F510001FBDB7 /* Base */,
			);
			name = LaunchScreen.storyboard;
			sourceTree = "<group>";
		};
/* End PBXVariantGroup section */

/* Begin XCBuildConfiguration section */
		F65D5E3E2516F511001FBDB7 /* Debug */ = {
			isa = XCBuildConfiguration;
			buildSettings = {
				ALWAYS_SEARCH_USER_PATHS = NO;
				CLANG_ANALYZER_NONNULL = YES;
				CLANG_ANALYZER_NUMBER_OBJECT_CONVERSION = YES_AGGRESSIVE;
				CLANG_CXX_LANGUAGE_STANDARD = "gnu++14";
				CLANG_CXX_LIBRARY = "libc++";
				CLANG_ENABLE_MODULES = YES;
				CLANG_ENABLE_OBJC_ARC = YES;
				CLANG_ENABLE_OBJC_WEAK = YES;
				CLANG_WARN_BLOCK_CAPTURE_AUTORELEASING = YES;
				CLANG_WARN_BOOL_CONVERSION = YES;
				CLANG_WARN_COMMA = YES;
				CLANG_WARN_CONSTANT_CONVERSION = YES;
				CLANG_WARN_DEPRECATED_OBJC_IMPLEMENTATIONS = YES;
				CLANG_WARN_DIRECT_OBJC_ISA_USAGE = YES_ERROR;
				CLANG_WARN_DOCUMENTATION_COMMENTS = YES;
				CLANG_WARN_EMPTY_BODY = YES;
				CLANG_WARN_ENUM_CONVERSION = YES;
				CLANG_WARN_INFINITE_RECURSION = YES;
				CLANG_WARN_INT_CONVERSION = YES;
				CLANG_WARN_NON_LITERAL_NULL_CONVERSION = YES;
				CLANG_WARN_OBJC_IMPLICIT_RETAIN_SELF = YES;
				CLANG_WARN_OBJC_LITERAL_CONVERSION = YES;
				CLANG_WARN_OBJC_ROOT_CLASS = YES_ERROR;
				CLANG_WARN_RANGE_LOOP_ANALYSIS = YES;
				CLANG_WARN_STRICT_PROTOTYPES = YES;
				CLANG_WARN_SUSPICIOUS_MOVE = YES;
				CLANG_WARN_UNGUARDED_AVAILABILITY = YES_AGGRESSIVE;
				CLANG_WARN_UNREACHABLE_CODE = YES;
				CLANG_WARN__DUPLICATE_METHOD_MATCH = YES;
				COPY_PHASE_STRIP = NO;
				DEBUG_INFORMATION_FORMAT = dwarf;
				ENABLE_STRICT_OBJC_MSGSEND = YES;
				ENABLE_TESTABILITY = YES;
				GCC_C_LANGUAGE_STANDARD = gnu11;
				GCC_DYNAMIC_NO_PIC = NO;
				GCC_NO_COMMON_BLOCKS = YES;
				GCC_OPTIMIZATION_LEVEL = 0;
				GCC_PREPROCESSOR_DEFINITIONS = (
					"DEBUG=1",
					"$(inherited)",
				);
				GCC_WARN_64_TO_32_BIT_CONVERSION = YES;
				GCC_WARN_ABOUT_RETURN_TYPE = YES_ERROR;
				GCC_WARN_UNDECLARED_SELECTOR = YES;
				GCC_WARN_UNINITIALIZED_AUTOS = YES_AGGRESSIVE;
				GCC_WARN_UNUSED_FUNCTION = YES;
				GCC_WARN_UNUSED_VARIABLE = YES;
				IPHONEOS_DEPLOYMENT_TARGET = 13.6;
				MTL_ENABLE_DEBUG_INFO = INCLUDE_SOURCE;
				MTL_FAST_MATH = YES;
				ONLY_ACTIVE_ARCH = YES;
				SDKROOT = iphoneos;
				SWIFT_ACTIVE_COMPILATION_CONDITIONS = DEBUG;
				SWIFT_OPTIMIZATION_LEVEL = "-Onone";
			};
			name = Debug;
		};
		F65D5E3F2516F511001FBDB7 /* Release */ = {
			isa = XCBuildConfiguration;
			buildSettings = {
				ALWAYS_SEARCH_USER_PATHS = NO;
				CLANG_ANALYZER_NONNULL = YES;
				CLANG_ANALYZER_NUMBER_OBJECT_CONVERSION = YES_AGGRESSIVE;
				CLANG_CXX_LANGUAGE_STANDARD = "gnu++14";
				CLANG_CXX_LIBRARY = "libc++";
				CLANG_ENABLE_MODULES = YES;
				CLANG_ENABLE_OBJC_ARC = YES;
				CLANG_ENABLE_OBJC_WEAK = YES;
				CLANG_WARN_BLOCK_CAPTURE_AUTORELEASING = YES;
				CLANG_WARN_BOOL_CONVERSION = YES;
				CLANG_WARN_COMMA = YES;
				CLANG_WARN_CONSTANT_CONVERSION = YES;
				CLANG_WARN_DEPRECATED_OBJC_IMPLEMENTATIONS = YES;
				CLANG_WARN_DIRECT_OBJC_ISA_USAGE = YES_ERROR;
				CLANG_WARN_DOCUMENTATION_COMMENTS = YES;
				CLANG_WARN_EMPTY_BODY = YES;
				CLANG_WARN_ENUM_CONVERSION = YES;
				CLANG_WARN_INFINITE_RECURSION = YES;
				CLANG_WARN_INT_CONVERSION = YES;
				CLANG_WARN_NON_LITERAL_NULL_CONVERSION = YES;
				CLANG_WARN_OBJC_IMPLICIT_RETAIN_SELF = YES;
				CLANG_WARN_OBJC_LITERAL_CONVERSION = YES;
				CLANG_WARN_OBJC_ROOT_CLASS = YES_ERROR;
				CLANG_WARN_RANGE_LOOP_ANALYSIS = YES;
				CLANG_WARN_STRICT_PROTOTYPES = YES;
				CLANG_WARN_SUSPICIOUS_MOVE = YES;
				CLANG_WARN_UNGUARDED_AVAILABILITY = YES_AGGRESSIVE;
				CLANG_WARN_UNREACHABLE_CODE = YES;
				CLANG_WARN__DUPLICATE_METHOD_MATCH = YES;
				COPY_PHASE_STRIP = NO;
				DEBUG_INFORMATION_FORMAT = "dwarf-with-dsym";
				ENABLE_NS_ASSERTIONS = NO;
				ENABLE_STRICT_OBJC_MSGSEND = YES;
				GCC_C_LANGUAGE_STANDARD = gnu11;
				GCC_NO_COMMON_BLOCKS = YES;
				GCC_WARN_64_TO_32_BIT_CONVERSION = YES;
				GCC_WARN_ABOUT_RETURN_TYPE = YES_ERROR;
				GCC_WARN_UNDECLARED_SELECTOR = YES;
				GCC_WARN_UNINITIALIZED_AUTOS = YES_AGGRESSIVE;
				GCC_WARN_UNUSED_FUNCTION = YES;
				GCC_WARN_UNUSED_VARIABLE = YES;
				IPHONEOS_DEPLOYMENT_TARGET = 13.6;
				MTL_ENABLE_DEBUG_INFO = NO;
				MTL_FAST_MATH = YES;
				SDKROOT = iphoneos;
				SWIFT_COMPILATION_MODE = wholemodule;
				SWIFT_OPTIMIZATION_LEVEL = "-O";
				VALIDATE_PRODUCT = YES;
			};
			name = Release;
		};
		F65D5E412516F511001FBDB7 /* Debug */ = {
			isa = XCBuildConfiguration;
			buildSettings = {
				ASSETCATALOG_COMPILER_APPICON_NAME = AppIcon;
				CODE_SIGN_STYLE = Automatic;
				DEVELOPMENT_TEAM = B7QT8ZD8YA;
				INFOPLIST_FILE = MemoPad/Info.plist;
				LD_RUNPATH_SEARCH_PATHS = (
					"$(inherited)",
					"@executable_path/Frameworks",
				);
				PRODUCT_BUNDLE_IDENTIFIER = app.takahashi.sir.MemoPad;
				PRODUCT_NAME = "$(TARGET_NAME)";
				SWIFT_VERSION = 5.0;
				TARGETED_DEVICE_FAMILY = "1,2";
			};
			name = Debug;
		};
		F65D5E422516F511001FBDB7 /* Release */ = {
			isa = XCBuildConfiguration;
			buildSettings = {
				ASSETCATALOG_COMPILER_APPICON_NAME = AppIcon;
				CODE_SIGN_STYLE = Automatic;
				DEVELOPMENT_TEAM = B7QT8ZD8YA;
				INFOPLIST_FILE = MemoPad/Info.plist;
				LD_RUNPATH_SEARCH_PATHS = (
					"$(inherited)",
					"@executable_path/Frameworks",
				);
				PRODUCT_BUNDLE_IDENTIFIER = app.takahashi.sir.MemoPad;
				PRODUCT_NAME = "$(TARGET_NAME)";
				SWIFT_VERSION = 5.0;
				TARGETED_DEVICE_FAMILY = "1,2";
			};
			name = Release;
		};
		F65D5E442516F511001FBDB7 /* Debug */ = {
			isa = XCBuildConfiguration;
			buildSettings = {
				ALWAYS_EMBED_SWIFT_STANDARD_LIBRARIES = YES;
				BUNDLE_LOADER = "$(TEST_HOST)";
				CODE_SIGN_STYLE = Automatic;
				DEVELOPMENT_TEAM = B7QT8ZD8YA;
				INFOPLIST_FILE = MemoPadTests/Info.plist;
				IPHONEOS_DEPLOYMENT_TARGET = 13.6;
				LD_RUNPATH_SEARCH_PATHS = (
					"$(inherited)",
					"@executable_path/Frameworks",
					"@loader_path/Frameworks",
				);
				PRODUCT_BUNDLE_IDENTIFIER = app.takahashi.sir.MemoPadTests;
				PRODUCT_NAME = "$(TARGET_NAME)";
				SWIFT_VERSION = 5.0;
				TARGETED_DEVICE_FAMILY = "1,2";
				TEST_HOST = "$(BUILT_PRODUCTS_DIR)/MemoPad.app/MemoPad";
			};
			name = Debug;
		};
		F65D5E452516F511001FBDB7 /* Release */ = {
			isa = XCBuildConfiguration;
			buildSettings = {
				ALWAYS_EMBED_SWIFT_STANDARD_LIBRARIES = YES;
				BUNDLE_LOADER = "$(TEST_HOST)";
				CODE_SIGN_STYLE = Automatic;
				DEVELOPMENT_TEAM = B7QT8ZD8YA;
				INFOPLIST_FILE = MemoPadTests/Info.plist;
				IPHONEOS_DEPLOYMENT_TARGET = 13.6;
				LD_RUNPATH_SEARCH_PATHS = (
					"$(inherited)",
					"@executable_path/Frameworks",
					"@loader_path/Frameworks",
				);
				PRODUCT_BUNDLE_IDENTIFIER = app.takahashi.sir.MemoPadTests;
				PRODUCT_NAME = "$(TARGET_NAME)";
				SWIFT_VERSION = 5.0;
				TARGETED_DEVICE_FAMILY = "1,2";
				TEST_HOST = "$(BUILT_PRODUCTS_DIR)/MemoPad.app/MemoPad";
			};
			name = Release;
		};
		F65D5E472516F511001FBDB7 /* Debug */ = {
			isa = XCBuildConfiguration;
			buildSettings = {
				ALWAYS_EMBED_SWIFT_STANDARD_LIBRARIES = YES;
				CODE_SIGN_STYLE = Automatic;
				DEVELOPMENT_TEAM = B7QT8ZD8YA;
				INFOPLIST_FILE = MemoPadUITests/Info.plist;
				LD_RUNPATH_SEARCH_PATHS = (
					"$(inherited)",
					"@executable_path/Frameworks",
					"@loader_path/Frameworks",
				);
				PRODUCT_BUNDLE_IDENTIFIER = app.takahashi.sir.MemoPadUITests;
				PRODUCT_NAME = "$(TARGET_NAME)";
				SWIFT_VERSION = 5.0;
				TARGETED_DEVICE_FAMILY = "1,2";
				TEST_TARGET_NAME = MemoPad;
			};
			name = Debug;
		};
		F65D5E482516F511001FBDB7 /* Release */ = {
			isa = XCBuildConfiguration;
			buildSettings = {
				ALWAYS_EMBED_SWIFT_STANDARD_LIBRARIES = YES;
				CODE_SIGN_STYLE = Automatic;
				DEVELOPMENT_TEAM = B7QT8ZD8YA;
				INFOPLIST_FILE = MemoPadUITests/Info.plist;
				LD_RUNPATH_SEARCH_PATHS = (
					"$(inherited)",
					"@executable_path/Frameworks",
					"@loader_path/Frameworks",
				);
				PRODUCT_BUNDLE_IDENTIFIER = app.takahashi.sir.MemoPadUITests;
				PRODUCT_NAME = "$(TARGET_NAME)";
				SWIFT_VERSION = 5.0;
				TARGETED_DEVICE_FAMILY = "1,2";
				TEST_TARGET_NAME = MemoPad;
			};
			name = Release;
		};
/* End XCBuildConfiguration section */

/* Begin XCConfigurationList section */
		F65D5E112516F50E001FBDB7 /* Build configuration list for PBXProject "MemoPad" */ = {
			isa = XCConfigurationList;
			buildConfigurations = (
				F65D5E3E2516F511001FBDB7 /* Debug */,
				F65D5E3F2516F511001FBDB7 /* Release */,
			);
			defaultConfigurationIsVisible = 0;
			defaultConfigurationName = Release;
		};
		F65D5E402516F511001FBDB7 /* Build configuration list for PBXNativeTarget "MemoPad" */ = {
			isa = XCConfigurationList;
			buildConfigurations = (
				F65D5E412516F511001FBDB7 /* Debug */,
				F65D5E422516F511001FBDB7 /* Release */,
			);
			defaultConfigurationIsVisible = 0;
			defaultConfigurationName = Release;
		};
		F65D5E432516F511001FBDB7 /* Build configuration list for PBXNativeTarget "MemoPadTests" */ = {
			isa = XCConfigurationList;
			buildConfigurations = (
				F65D5E442516F511001FBDB7 /* Debug */,
				F65D5E452516F511001FBDB7 /* Release */,
			);
			defaultConfigurationIsVisible = 0;
			defaultConfigurationName = Release;
		};
		F65D5E462516F511001FBDB7 /* Build configuration list for PBXNativeTarget "MemoPadUITests" */ = {
			isa = XCConfigurationList;
			buildConfigurations = (
				F65D5E472516F511001FBDB7 /* Debug */,
				F65D5E482516F511001FBDB7 /* Release */,
			);
			defaultConfigurationIsVisible = 0;
			defaultConfigurationName = Release;
		};
/* End XCConfigurationList section */
	};
	rootObject = F65D5E0E2516F50E001FBDB7 /* Project object */;
}
